
Microsoft Visual Studio Solution File, Format Version 12.00
Project("{2150E333-8FDC-42A3-9474-1A3956D46DE8}") = "src", "src", "{7BCC5BD2-C84C-49A2-8CF0-9C0D4A1AA2DB}"
EndProject
Project("{FAE04EC0-301F-11D3-BF4B-00C04F79EFBC}") = "Application", "src\Application\Application.csproj", "{185A178D-CE86-467D-A68B-DE374FCC8270}"
EndProject
Project("{FAE04EC0-301F-11D3-BF4B-00C04F79EFBC}") = "Domain", "src\Domain\Domain.csproj", "{B3DA0D88-75DF-4B26-BF8D-315E7FCECA69}"
EndProject
Project("{FAE04EC0-301F-11D3-BF4B-00C04F79EFBC}") = "WebApi", "src\WebApi\WebApi.csproj", "{1CB319E8-4476-45E8-893B-C1EA6A448882}"
EndProject
Project("{2150E333-8FDC-42A3-9474-1A3956D46DE8}") = "adocker", "docker", "{82C61116-41F4-4354-958E-24F6271A95FC}"
EndProject
Project("{2150E333-8FDC-42A3-9474-1A3956D46DE8}") = "quran", "quran", "{DA623D82-FFB3-4DC2-AC1C-92C4D83311FA}"
	ProjectSection(SolutionItems) = preProject
		quranm.json = quranm.json
	EndProjectSection
EndProject
Global
	GlobalSection(SolutionConfigurationPlatforms) = preSolution
		Debug|Any CPU = Debug|Any CPU
		Release|Any CPU = Release|Any CPU
	EndGlobalSection
	GlobalSection(ProjectConfigurationPlatforms) = postSolution
		{185A178D-CE86-467D-A68B-DE374FCC8270}.Debug|Any CPU.ActiveCfg = Debug|Any CPU
		{185A178D-CE86-467D-A68B-DE374FCC8270}.Debug|Any CPU.Build.0 = Debug|Any CPU
		{185A178D-CE86-467D-A68B-DE374FCC8270}.Release|Any CPU.ActiveCfg = Release|Any CPU
		{185A178D-CE86-467D-A68B-DE374FCC8270}.Release|Any CPU.Build.0 = Release|Any CPU
		{B3DA0D88-75DF-4B26-BF8D-315E7FCECA69}.Debug|Any CPU.ActiveCfg = Debug|Any CPU
		{B3DA0D88-75DF-4B26-BF8D-315E7FCECA69}.Debug|Any CPU.Build.0 = Debug|Any CPU
		{B3DA0D88-75DF-4B26-BF8D-315E7FCECA69}.Release|Any CPU.ActiveCfg = Release|Any CPU
		{B3DA0D88-75DF-4B26-BF8D-315E7FCECA69}.Release|Any CPU.Build.0 = Release|Any CPU
		{1CB319E8-4476-45E8-893B-C1EA6A448882}.Debug|Any CPU.ActiveCfg = Debug|Any CPU
		{1CB319E8-4476-45E8-893B-C1EA6A448882}.Debug|Any CPU.Build.0 = Debug|Any CPU
		{1CB319E8-4476-45E8-893B-C1EA6A448882}.Release|Any CPU.ActiveCfg = Release|Any CPU
		{1CB319E8-4476-45E8-893B-C1EA6A448882}.Release|Any CPU.Build.0 = Release|Any CPU
	EndGlobalSection
	GlobalSection(NestedProjects) = preSolution
		{185A178D-CE86-467D-A68B-DE374FCC8270} = {7BCC5BD2-C84C-49A2-8CF0-9C0D4A1AA2DB}
		{B3DA0D88-75DF-4B26-BF8D-315E7FCECA69} = {7BCC5BD2-C84C-49A2-8CF0-9C0D4A1AA2DB}
		{1CB319E8-4476-45E8-893B-C1EA6A448882} = {7BCC5BD2-C84C-49A2-8CF0-9C0D4A1AA2DB}
	EndGlobalSection
EndGlobal
